
Microsoft Visual Studio Solution File, Format Version 12.00
# Visual Studio 14
VisualStudioVersion = 14.0.25420.1
MinimumVisualStudioVersion = 10.0.40219.1
Project("{8BC9CEB8-8B4A-11D0-8D11-00A0C91BC942}") = "MemoryAllocationApp", "MemoryAllocationApp\MemoryAllocationApp.vcxproj", "{0F57E84B-7F12-4ECB-8885-416A8063995E}"
EndProject
Project("{8BC9CEB8-8B4A-11D0-8D11-00A0C91BC942}") = "MemLib", "MemLib\MemLib.vcxproj", "{BA384447-FFC6-4271-8E27-CB21D0FAB637}"
EndProject
Project("{8BC9CEB8-8B4A-11D0-8D11-00A0C91BC942}") = "TajmsLib", "TajmsLib\TajmsLib.vcxproj", "{3E458E52-EE3B-4212-8E8A-538C50037AF0}"
EndProject
Project("{8BC9CEB8-8B4A-11D0-8D11-00A0C91BC942}") = "ResourceManagementLib", "ResourceManagementLib\ResourceManagementLib.vcxproj", "{6EF4D0C8-7F2E-49AF-9EEE-F438F2A1A7CB}"
EndProject
Project("{8BC9CEB8-8B4A-11D0-8D11-00A0C91BC942}") = "GraphicsLib", "GraphicsLib\GraphicsLib.vcxproj", "{7C7100F8-D3BB-445F-9ED5-BE86B96FC552}"
EndProject
Project("{8BC9CEB8-8B4A-11D0-8D11-00A0C91BC942}") = "GameApp", "GameApp\GameApp.vcxproj", "{C5129C77-AD88-4CD6-BE7E-89EE9F88FE35}"
EndProject
Project("{8BC9CEB8-8B4A-11D0-8D11-00A0C91BC942}") = "FileNameConverter", "FileNameConverter\FileNameConverter.vcxproj", "{F1379882-8E15-420A-83B5-1F185C403ADA}"
EndProject
Global
	GlobalSection(SolutionConfigurationPlatforms) = preSolution
		Debug|x64 = Debug|x64
		Debug|x86 = Debug|x86
		Release|x64 = Release|x64
		Release|x86 = Release|x86
	EndGlobalSection
	GlobalSection(ProjectConfigurationPlatforms) = postSolution
		{0F57E84B-7F12-4ECB-8885-416A8063995E}.Debug|x64.ActiveCfg = Debug|x64
		{0F57E84B-7F12-4ECB-8885-416A8063995E}.Debug|x64.Build.0 = Debug|x64
		{0F57E84B-7F12-4ECB-8885-416A8063995E}.Debug|x86.ActiveCfg = Debug|Win32
		{0F57E84B-7F12-4ECB-8885-416A8063995E}.Debug|x86.Build.0 = Debug|Win32
		{0F57E84B-7F12-4ECB-8885-416A8063995E}.Release|x64.ActiveCfg = Release|x64
		{0F57E84B-7F12-4ECB-8885-416A8063995E}.Release|x64.Build.0 = Release|x64
		{0F57E84B-7F12-4ECB-8885-416A8063995E}.Release|x86.ActiveCfg = Release|Win32
		{0F57E84B-7F12-4ECB-8885-416A8063995E}.Release|x86.Build.0 = Release|Win32
		{BA384447-FFC6-4271-8E27-CB21D0FAB637}.Debug|x64.ActiveCfg = Debug|x64
		{BA384447-FFC6-4271-8E27-CB21D0FAB637}.Debug|x64.Build.0 = Debug|x64
		{BA384447-FFC6-4271-8E27-CB21D0FAB637}.Debug|x86.ActiveCfg = Debug|Win32
		{BA384447-FFC6-4271-8E27-CB21D0FAB637}.Debug|x86.Build.0 = Debug|Win32
		{BA384447-FFC6-4271-8E27-CB21D0FAB637}.Release|x64.ActiveCfg = Release|x64
		{BA384447-FFC6-4271-8E27-CB21D0FAB637}.Release|x64.Build.0 = Release|x64
		{BA384447-FFC6-4271-8E27-CB21D0FAB637}.Release|x86.ActiveCfg = Release|Win32
		{BA384447-FFC6-4271-8E27-CB21D0FAB637}.Release|x86.Build.0 = Release|Win32
		{3E458E52-EE3B-4212-8E8A-538C50037AF0}.Debug|x64.ActiveCfg = Debug|x64
		{3E458E52-EE3B-4212-8E8A-538C50037AF0}.Debug|x64.Build.0 = Debug|x64
		{3E458E52-EE3B-4212-8E8A-538C50037AF0}.Debug|x86.ActiveCfg = Debug|Win32
		{3E458E52-EE3B-4212-8E8A-538C50037AF0}.Debug|x86.Build.0 = Debug|Win32
		{3E458E52-EE3B-4212-8E8A-538C50037AF0}.Release|x64.ActiveCfg = Release|x64
		{3E458E52-EE3B-4212-8E8A-538C50037AF0}.Release|x64.Build.0 = Release|x64
		{3E458E52-EE3B-4212-8E8A-538C50037AF0}.Release|x86.ActiveCfg = Release|Win32
		{3E458E52-EE3B-4212-8E8A-538C50037AF0}.Release|x86.Build.0 = Release|Win32
		{6EF4D0C8-7F2E-49AF-9EEE-F438F2A1A7CB}.Debug|x64.ActiveCfg = Debug|x64
		{6EF4D0C8-7F2E-49AF-9EEE-F438F2A1A7CB}.Debug|x64.Build.0 = Debug|x64
		{6EF4D0C8-7F2E-49AF-9EEE-F438F2A1A7CB}.Debug|x86.ActiveCfg = Debug|Win32
		{6EF4D0C8-7F2E-49AF-9EEE-F438F2A1A7CB}.Debug|x86.Build.0 = Debug|Win32
		{6EF4D0C8-7F2E-49AF-9EEE-F438F2A1A7CB}.Release|x64.ActiveCfg = Release|x64
		{6EF4D0C8-7F2E-49AF-9EEE-F438F2A1A7CB}.Release|x64.Build.0 = Release|x64
		{6EF4D0C8-7F2E-49AF-9EEE-F438F2A1A7CB}.Release|x86.ActiveCfg = Release|Win32
		{6EF4D0C8-7F2E-49AF-9EEE-F438F2A1A7CB}.Release|x86.Build.0 = Release|Win32
		{7C7100F8-D3BB-445F-9ED5-BE86B96FC552}.Debug|x64.ActiveCfg = Debug|x64
		{7C7100F8-D3BB-445F-9ED5-BE86B96FC552}.Debug|x64.Build.0 = Debug|x64
		{7C7100F8-D3BB-445F-9ED5-BE86B96FC552}.Debug|x86.ActiveCfg = Debug|Win32
		{7C7100F8-D3BB-445F-9ED5-BE86B96FC552}.Debug|x86.Build.0 = Debug|Win32
		{7C7100F8-D3BB-445F-9ED5-BE86B96FC552}.Release|x64.ActiveCfg = Release|x64
		{7C7100F8-D3BB-445F-9ED5-BE86B96FC552}.Release|x64.Build.0 = Release|x64
		{7C7100F8-D3BB-445F-9ED5-BE86B96FC552}.Release|x86.ActiveCfg = Release|Win32
		{7C7100F8-D3BB-445F-9ED5-BE86B96FC552}.Release|x86.Build.0 = Release|Win32
		{C5129C77-AD88-4CD6-BE7E-89EE9F88FE35}.Debug|x64.ActiveCfg = Debug|x64
		{C5129C77-AD88-4CD6-BE7E-89EE9F88FE35}.Debug|x64.Build.0 = Debug|x64
		{C5129C77-AD88-4CD6-BE7E-89EE9F88FE35}.Debug|x86.ActiveCfg = Debug|Win32
		{C5129C77-AD88-4CD6-BE7E-89EE9F88FE35}.Debug|x86.Build.0 = Debug|Win32
		{C5129C77-AD88-4CD6-BE7E-89EE9F88FE35}.Release|x64.ActiveCfg = Release|x64
		{C5129C77-AD88-4CD6-BE7E-89EE9F88FE35}.Release|x64.Build.0 = Release|x64
		{C5129C77-AD88-4CD6-BE7E-89EE9F88FE35}.Release|x86.ActiveCfg = Release|Win32
		{C5129C77-AD88-4CD6-BE7E-89EE9F88FE35}.Release|x86.Build.0 = Release|Win32
		{F1379882-8E15-420A-83B5-1F185C403ADA}.Debug|x64.ActiveCfg = Debug|x64
		{F1379882-8E15-420A-83B5-1F185C403ADA}.Debug|x64.Build.0 = Debug|x64
		{F1379882-8E15-420A-83B5-1F185C403ADA}.Debug|x86.ActiveCfg = Debug|Win32
		{F1379882-8E15-420A-83B5-1F185C403ADA}.Debug|x86.Build.0 = Debug|Win32
		{F1379882-8E15-420A-83B5-1F185C403ADA}.Release|x64.ActiveCfg = Release|x64
		{F1379882-8E15-420A-83B5-1F185C403ADA}.Release|x64.Build.0 = Release|x64
		{F1379882-8E15-420A-83B5-1F185C403ADA}.Release|x86.ActiveCfg = Release|Win32
		{F1379882-8E15-420A-83B5-1F185C403ADA}.Release|x86.Build.0 = Release|Win32
	EndGlobalSection
	GlobalSection(SolutionProperties) = preSolution
		HideSolutionNode = FALSE
	EndGlobalSection
EndGlobal
