<?xml version="1.0" encoding="utf-8"?>
<Project ToolsVersion="4.0" xmlns="http://schemas.microsoft.com/developer/msbuild/2003">
  <ItemGroup>
    <ClCompile Include="Internal\PoolAllocatorInternal.cpp">
      <Filter>Source Files\Internal</Filter>
    </ClCompile>
    <ClCompile Include="Internal\PoolInternal.cpp">
      <Filter>Source Files\Internal</Filter>
    </ClCompile>
    <ClCompile Include="Internal\PoolParkInternal.cpp">
      <Filter>Source Files\Internal</Filter>
    </ClCompile>
    <ClCompile Include="Internal\StackAllocatorInternal.cpp">
      <Filter>Source Files\Internal</Filter>
    </ClCompile>
    <ClCompile Include="MemoryManager.cpp">
      <Filter>Source Files</Filter>
    </ClCompile>
    <ClCompile Include="Internal\AllocatorManager.cpp">
      <Filter>Source Files</Filter>
    </ClCompile>
  </ItemGroup>
  <ItemGroup>
    <ClInclude Include="Internal\PoolAllocatorInternal.h">
      <Filter>Header Files\Internal</Filter>
    </ClInclude>
    <ClInclude Include="Internal\PoolInternal.h">
      <Filter>Header Files\Internal</Filter>
    </ClInclude>
    <ClInclude Include="Internal\PoolParkInternal.h">
      <Filter>Header Files\Internal</Filter>
    </ClInclude>
    <ClInclude Include="Internal\StackAllocatorInternal.h">
      <Filter>Header Files\Internal</Filter>
    </ClInclude>
    <ClInclude Include="Internal\AllocatorManager.h">
      <Filter>Header Files</Filter>
    </ClInclude>
    <ClInclude Include="MemoryManager.h">
      <Filter>Header Files</Filter>
    </ClInclude>
    <ClInclude Include="PoolAllocator.h">
      <Filter>Header Files</Filter>
    </ClInclude>
    <ClInclude Include="StackAllocator.h">
      <Filter>Header Files</Filter>
    </ClInclude>
    <ClInclude Include="DynamicList.h">
      <Filter>Header Files\Internal</Filter>
    </ClInclude>
  </ItemGroup>
  <ItemGroup>
    <Filter Include="Header Files">
      <UniqueIdentifier>{87f20dd3-4478-425e-823c-70dba7d17e13}</UniqueIdentifier>
    </Filter>
    <Filter Include="Source Files">
      <UniqueIdentifier>{710d3c19-8796-4ab5-8ba8-2d04e7f636bc}</UniqueIdentifier>
    </Filter>
    <Filter Include="Header Files\Internal">
      <UniqueIdentifier>{0924e199-3916-4e59-9efa-b0538aae011d}</UniqueIdentifier>
    </Filter>
    <Filter Include="Source Files\Internal">
      <UniqueIdentifier>{475abd0d-308f-41ef-839e-1a85b582a9b6}</UniqueIdentifier>
    </Filter>
  </ItemGroup>
</Project>