<?xml version="1.0" encoding="utf-8"?>
<Project ToolsVersion="4.0" xmlns="http://schemas.microsoft.com/developer/msbuild/2003">
  <ItemGroup>
    <Filter Include="Source Files">
      <UniqueIdentifier>{4FC737F1-C7A5-4376-A066-2A32D752A2FF}</UniqueIdentifier>
      <Extensions>cpp;c;cc;cxx;def;odl;idl;hpj;bat;asm;asmx</Extensions>
    </Filter>
    <Filter Include="Header Files">
      <UniqueIdentifier>{93995380-89BD-4b04-88EB-625FBE52EBFB}</UniqueIdentifier>
      <Extensions>h;hh;hpp;hxx;hm;inl;inc;xsd</Extensions>
    </Filter>
    <Filter Include="Resource Files">
      <UniqueIdentifier>{67DA6AB6-F800-4c08-8B7A-83BB121AAD01}</UniqueIdentifier>
      <Extensions>rc;ico;cur;bmp;dlg;rc2;rct;bin;rgs;gif;jpg;jpeg;jpe;resx;tiff;tif;png;wav;mfcribbon-ms</Extensions>
    </Filter>
    <Filter Include="Header Files\Internal">
      <UniqueIdentifier>{31e7c6e0-ff44-4a82-a96d-f61e84c5d2d2}</UniqueIdentifier>
    </Filter>
    <Filter Include="Source Files\Internal">
      <UniqueIdentifier>{0cdbc181-fbab-4d10-b478-68c761558499}</UniqueIdentifier>
    </Filter>
  </ItemGroup>
  <ItemGroup>
    <ClInclude Include="ResourceManager.h">
      <Filter>Header Files</Filter>
    </ClInclude>
    <ClInclude Include="Internal\FileLoader.h">
      <Filter>Header Files\Internal</Filter>
    </ClInclude>
    <ClInclude Include="Internal\PrioritizationManager.h">
      <Filter>Header Files\Internal</Filter>
    </ClInclude>
    <ClInclude Include="Internal\DataManager.h">
      <Filter>Header Files\Internal</Filter>
    </ClInclude>
    <ClInclude Include="EnumsAndDefines.h">
      <Filter>Header Files\Internal</Filter>
    </ClInclude>
    <ClInclude Include="Internal\Prioritization.h">
      <Filter>Header Files\Internal</Filter>
    </ClInclude>
    <ClInclude Include="LRUPriority.h">
      <Filter>Header Files</Filter>
    </ClInclude>
    <ClInclude Include="EnumsAndDefines.h">
      <Filter>Header Files\Internal</Filter>
    </ClInclude>
    <ClInclude Include="Internal\ZZIPLoader.h">
      <Filter>Header Files\Internal</Filter>
    </ClInclude>
    <ClInclude Include="ParserAndContainer.h">
      <Filter>Header Files</Filter>
    </ClInclude>
    <ClInclude Include="ParserAndContainerManager.h">
      <Filter>Header Files</Filter>
    </ClInclude>
    <ClInclude Include="WavManager.h">
      <Filter>Header Files</Filter>
    </ClInclude>
    <ClInclude Include="FIFOPriority.h">
      <Filter>Header Files\Internal</Filter>
    </ClInclude>
    <ClInclude Include="Internal\Explicit.h">
      <Filter>Header Files\Internal</Filter>
    </ClInclude>
    <ClInclude Include="Internal\ExplicitPriority.h">
      <Filter>Header Files\Internal</Filter>
    </ClInclude>
    <ClInclude Include="Internal\FileLoaderManager.h">
      <Filter>Header Files\Internal</Filter>
    </ClInclude>
  </ItemGroup>
  <ItemGroup>
    <ClCompile Include="ResourceManager.cpp">
      <Filter>Source Files</Filter>
    </ClCompile>
    <ClCompile Include="Internal\FileLoader.cpp">
      <Filter>Source Files\Internal</Filter>
    </ClCompile>
    <ClCompile Include="Internal\PrioritizationManager.cpp">
      <Filter>Source Files\Internal</Filter>
    </ClCompile>
    <ClCompile Include="Internal\DataManager.cpp">
      <Filter>Source Files\Internal</Filter>
    </ClCompile>
    <ClCompile Include="LRUPriority.cpp">
      <Filter>Source Files</Filter>
    </ClCompile>
    <ClCompile Include="Internal\ZZIPLoader.cpp">
      <Filter>Source Files\Internal</Filter>
    </ClCompile>
    <ClCompile Include="ParserAndContainer.cpp">
      <Filter>Source Files</Filter>
    </ClCompile>
    <ClCompile Include="ParserAndContainerManager.cpp">
      <Filter>Source Files</Filter>
    </ClCompile>
    <ClCompile Include="WavManager.cpp">
      <Filter>Source Files</Filter>
    </ClCompile>
    <ClCompile Include="FIFOPriority.cpp">
      <Filter>Source Files\Internal</Filter>
    </ClCompile>
    <ClCompile Include="Internal\ExplicitPriority.cpp">
      <Filter>Source Files\Internal</Filter>
    </ClCompile>
    <ClCompile Include="Internal\FileLoaderManager.cpp">
      <Filter>Source Files\Internal</Filter>
    </ClCompile>
  </ItemGroup>
</Project>